// !$*UTF8*$!
{
	archiveVersion = 1;
	classes = {
	};
	objectVersion = 55;
	objects = {

/* Begin PBXBuildFile section */
		226629B727D31E3F009097E1 /* AlamofireImage in Frameworks */ = {isa = PBXBuildFile; productRef = 226629B627D31E3F009097E1 /* AlamofireImage */; };
		22BB915427D1EBBD003E4DF5 /* AppDelegate.swift in Sources */ = {isa = PBXBuildFile; fileRef = 22BB915327D1EBBD003E4DF5 /* AppDelegate.swift */; };
		22BB915627D1EBBD003E4DF5 /* SceneDelegate.swift in Sources */ = {isa = PBXBuildFile; fileRef = 22BB915527D1EBBD003E4DF5 /* SceneDelegate.swift */; };
		22BB915827D1EBBD003E4DF5 /* ViewController.swift in Sources */ = {isa = PBXBuildFile; fileRef = 22BB915727D1EBBD003E4DF5 /* ViewController.swift */; };
		22BB915B27D1EBBD003E4DF5 /* Main.storyboard in Resources */ = {isa = PBXBuildFile; fileRef = 22BB915927D1EBBD003E4DF5 /* Main.storyboard */; };
		22BB915D27D1EBBF003E4DF5 /* Assets.xcassets in Resources */ = {isa = PBXBuildFile; fileRef = 22BB915C27D1EBBF003E4DF5 /* Assets.xcassets */; };
		22BB916027D1EBBF003E4DF5 /* LaunchScreen.storyboard in Resources */ = {isa = PBXBuildFile; fileRef = 22BB915E27D1EBBF003E4DF5 /* LaunchScreen.storyboard */; };
		22BB916B27D1EBBF003E4DF5 /* FlixTests.swift in Sources */ = {isa = PBXBuildFile; fileRef = 22BB916A27D1EBBF003E4DF5 /* FlixTests.swift */; };
		22BB917527D1EBBF003E4DF5 /* FlixUITests.swift in Sources */ = {isa = PBXBuildFile; fileRef = 22BB917427D1EBBF003E4DF5 /* FlixUITests.swift */; };
		22BB917727D1EBBF003E4DF5 /* FlixUITestsLaunchTests.swift in Sources */ = {isa = PBXBuildFile; fileRef = 22BB917627D1EBBF003E4DF5 /* FlixUITestsLaunchTests.swift */; };
		22D0A00827D3046B005A8146 /* MovieCell.swift in Sources */ = {isa = PBXBuildFile; fileRef = 22D0A00727D3046A005A8146 /* MovieCell.swift */; };
		22D0A00B27D30918005A8146 /* Alamofire in Frameworks */ = {isa = PBXBuildFile; productRef = 22D0A00A27D30918005A8146 /* Alamofire */; };
/* End PBXBuildFile section */

/* Begin PBXContainerItemProxy section */
		22BB916727D1EBBF003E4DF5 /* PBXContainerItemProxy */ = {
			isa = PBXContainerItemProxy;
			containerPortal = 22BB914827D1EBBD003E4DF5 /* Project object */;
			proxyType = 1;
			remoteGlobalIDString = 22BB914F27D1EBBD003E4DF5;
			remoteInfo = Flix;
		};
		22BB917127D1EBBF003E4DF5 /* PBXContainerItemProxy */ = {
			isa = PBXContainerItemProxy;
			containerPortal = 22BB914827D1EBBD003E4DF5 /* Project object */;
			proxyType = 1;
			remoteGlobalIDString = 22BB914F27D1EBBD003E4DF5;
			remoteInfo = Flix;
		};
/* End PBXContainerItemProxy section */

/* Begin PBXFileReference section */
		226629B827D33AB6009097E1 /* README.md */ = {isa = PBXFileReference; lastKnownFileType = net.daringfireball.markdown; path = README.md; sourceTree = "<group>"; };
		22BB915027D1EBBD003E4DF5 /* Flix.app */ = {isa = PBXFileReference; explicitFileType = wrapper.application; includeInIndex = 0; path = Flix.app; sourceTree = BUILT_PRODUCTS_DIR; };
		22BB915327D1EBBD003E4DF5 /* AppDelegate.swift */ = {isa = PBXFileReference; lastKnownFileType = sourcecode.swift; path = AppDelegate.swift; sourceTree = "<group>"; };
		22BB915527D1EBBD003E4DF5 /* SceneDelegate.swift */ = {isa = PBXFileReference; lastKnownFileType = sourcecode.swift; path = SceneDelegate.swift; sourceTree = "<group>"; };
		22BB915727D1EBBD003E4DF5 /* ViewController.swift */ = {isa = PBXFileReference; lastKnownFileType = sourcecode.swift; path = ViewController.swift; sourceTree = "<group>"; };
		22BB915A27D1EBBD003E4DF5 /* Base */ = {isa = PBXFileReference; lastKnownFileType = file.storyboard; name = Base; path = Base.lproj/Main.storyboard; sourceTree = "<group>"; };
		22BB915C27D1EBBF003E4DF5 /* Assets.xcassets */ = {isa = PBXFileReference; lastKnownFileType = folder.assetcatalog; path = Assets.xcassets; sourceTree = "<group>"; };
		22BB915F27D1EBBF003E4DF5 /* Base */ = {isa = PBXFileReference; lastKnownFileType = file.storyboard; name = Base; path = Base.lproj/LaunchScreen.storyboard; sourceTree = "<group>"; };
		22BB916127D1EBBF003E4DF5 /* Info.plist */ = {isa = PBXFileReference; lastKnownFileType = text.plist.xml; path = Info.plist; sourceTree = "<group>"; };
		22BB916627D1EBBF003E4DF5 /* FlixTests.xctest */ = {isa = PBXFileReference; explicitFileType = wrapper.cfbundle; includeInIndex = 0; path = FlixTests.xctest; sourceTree = BUILT_PRODUCTS_DIR; };
		22BB916A27D1EBBF003E4DF5 /* FlixTests.swift */ = {isa = PBXFileReference; lastKnownFileType = sourcecode.swift; path = FlixTests.swift; sourceTree = "<group>"; };
		22BB917027D1EBBF003E4DF5 /* FlixUITests.xctest */ = {isa = PBXFileReference; explicitFileType = wrapper.cfbundle; includeInIndex = 0; path = FlixUITests.xctest; sourceTree = BUILT_PRODUCTS_DIR; };
		22BB917427D1EBBF003E4DF5 /* FlixUITests.swift */ = {isa = PBXFileReference; lastKnownFileType = sourcecode.swift; path = FlixUITests.swift; sourceTree = "<group>"; };
		22BB917627D1EBBF003E4DF5 /* FlixUITestsLaunchTests.swift */ = {isa = PBXFileReference; lastKnownFileType = sourcecode.swift; path = FlixUITestsLaunchTests.swift; sourceTree = "<group>"; };
		22D0A00727D3046A005A8146 /* MovieCell.swift */ = {isa = PBXFileReference; lastKnownFileType = sourcecode.swift; path = MovieCell.swift; sourceTree = "<group>"; };
/* End PBXFileReference section */

/* Begin PBXFrameworksBuildPhase section */
		22BB914D27D1EBBD003E4DF5 /* Frameworks */ = {
			isa = PBXFrameworksBuildPhase;
			buildActionMask = 2147483647;
			files = (
				22D0A00B27D30918005A8146 /* Alamofire in Frameworks */,
				226629B727D31E3F009097E1 /* AlamofireImage in Frameworks */,
			);
			runOnlyForDeploymentPostprocessing = 0;
		};
		22BB916327D1EBBF003E4DF5 /* Frameworks */ = {
			isa = PBXFrameworksBuildPhase;
			buildActionMask = 2147483647;
			files = (
			);
			runOnlyForDeploymentPostprocessing = 0;
		};
		22BB916D27D1EBBF003E4DF5 /* Frameworks */ = {
			isa = PBXFrameworksBuildPhase;
			buildActionMask = 2147483647;
			files = (
			);
			runOnlyForDeploymentPostprocessing = 0;
		};
/* End PBXFrameworksBuildPhase section */

/* Begin PBXGroup section */
		22BB914727D1EBBD003E4DF5 = {
			isa = PBXGroup;
			children = (
				226629B827D33AB6009097E1 /* README.md */,
				22BB915227D1EBBD003E4DF5 /* Flix */,
				22BB916927D1EBBF003E4DF5 /* FlixTests */,
				22BB917327D1EBBF003E4DF5 /* FlixUITests */,
				22BB915127D1EBBD003E4DF5 /* Products */,
			);
			sourceTree = "<group>";
		};
		22BB915127D1EBBD003E4DF5 /* Products */ = {
			isa = PBXGroup;
			children = (
				22BB915027D1EBBD003E4DF5 /* Flix.app */,
				22BB916627D1EBBF003E4DF5 /* FlixTests.xctest */,
				22BB917027D1EBBF003E4DF5 /* FlixUITests.xctest */,
			);
			name = Products;
			sourceTree = "<group>";
		};
		22BB915227D1EBBD003E4DF5 /* Flix */ = {
			isa = PBXGroup;
			children = (
				22BB915327D1EBBD003E4DF5 /* AppDelegate.swift */,
				22BB915527D1EBBD003E4DF5 /* SceneDelegate.swift */,
				22BB915727D1EBBD003E4DF5 /* ViewController.swift */,
				22BB915927D1EBBD003E4DF5 /* Main.storyboard */,
				22D0A00727D3046A005A8146 /* MovieCell.swift */,
				22BB915C27D1EBBF003E4DF5 /* Assets.xcassets */,
				22BB915E27D1EBBF003E4DF5 /* LaunchScreen.storyboard */,
				22BB916127D1EBBF003E4DF5 /* Info.plist */,
			);
			path = Flix;
			sourceTree = "<group>";
		};
		22BB916927D1EBBF003E4DF5 /* FlixTests */ = {
			isa = PBXGroup;
			children = (
				22BB916A27D1EBBF003E4DF5 /* FlixTests.swift */,
			);
			path = FlixTests;
			sourceTree = "<group>";
		};
		22BB917327D1EBBF003E4DF5 /* FlixUITests */ = {
			isa = PBXGroup;
			children = (
				22BB917427D1EBBF003E4DF5 /* FlixUITests.swift */,
				22BB917627D1EBBF003E4DF5 /* FlixUITestsLaunchTests.swift */,
			);
			path = FlixUITests;
			sourceTree = "<group>";
		};
/* End PBXGroup section */

/* Begin PBXNativeTarget section */
		22BB914F27D1EBBD003E4DF5 /* Flix */ = {
			isa = PBXNativeTarget;
			buildConfigurationList = 22BB917A27D1EBBF003E4DF5 /* Build configuration list for PBXNativeTarget "Flix" */;
			buildPhases = (
				22BB914C27D1EBBD003E4DF5 /* Sources */,
				22BB914D27D1EBBD003E4DF5 /* Frameworks */,
				22BB914E27D1EBBD003E4DF5 /* Resources */,
			);
			buildRules = (
			);
			dependencies = (
			);
			name = Flix;
			packageProductDependencies = (
				22D0A00A27D30918005A8146 /* Alamofire */,
				226629B627D31E3F009097E1 /* AlamofireImage */,
			);
			productName = Flix;
			productReference = 22BB915027D1EBBD003E4DF5 /* Flix.app */;
			productType = "com.apple.product-type.application";
		};
		22BB916527D1EBBF003E4DF5 /* FlixTests */ = {
			isa = PBXNativeTarget;
			buildConfigurationList = 22BB917D27D1EBBF003E4DF5 /* Build configuration list for PBXNativeTarget "FlixTests" */;
			buildPhases = (
				22BB916227D1EBBF003E4DF5 /* Sources */,
				22BB916327D1EBBF003E4DF5 /* Frameworks */,
				22BB916427D1EBBF003E4DF5 /* Resources */,
			);
			buildRules = (
			);
			dependencies = (
				22BB916827D1EBBF003E4DF5 /* PBXTargetDependency */,
			);
			name = FlixTests;
			productName = FlixTests;
			productReference = 22BB916627D1EBBF003E4DF5 /* FlixTests.xctest */;
			productType = "com.apple.product-type.bundle.unit-test";
		};
		22BB916F27D1EBBF003E4DF5 /* FlixUITests */ = {
			isa = PBXNativeTarget;
			buildConfigurationList = 22BB918027D1EBBF003E4DF5 /* Build configuration list for PBXNativeTarget "FlixUITests" */;
			buildPhases = (
				22BB916C27D1EBBF003E4DF5 /* Sources */,
				22BB916D27D1EBBF003E4DF5 /* Frameworks */,
				22BB916E27D1EBBF003E4DF5 /* Resources */,
			);
			buildRules = (
			);
			dependencies = (
				22BB917227D1EBBF003E4DF5 /* PBXTargetDependency */,
			);
			name = FlixUITests;
			productName = FlixUITests;
			productReference = 22BB917027D1EBBF003E4DF5 /* FlixUITests.xctest */;
			productType = "com.apple.product-type.bundle.ui-testing";
		};
/* End PBXNativeTarget section */

/* Begin PBXProject section */
		22BB914827D1EBBD003E4DF5 /* Project object */ = {
			isa = PBXProject;
			attributes = {
				BuildIndependentTargetsInParallel = 1;
				LastSwiftUpdateCheck = 1320;
				LastUpgradeCheck = 1320;
				TargetAttributes = {
					22BB914F27D1EBBD003E4DF5 = {
						CreatedOnToolsVersion = 13.2.1;
					};
					22BB916527D1EBBF003E4DF5 = {
						CreatedOnToolsVersion = 13.2.1;
						TestTargetID = 22BB914F27D1EBBD003E4DF5;
					};
					22BB916F27D1EBBF003E4DF5 = {
						CreatedOnToolsVersion = 13.2.1;
						TestTargetID = 22BB914F27D1EBBD003E4DF5;
					};
				};
			};
			buildConfigurationList = 22BB914B27D1EBBD003E4DF5 /* Build configuration list for PBXProject "Flix" */;
			compatibilityVersion = "Xcode 13.0";
			developmentRegion = en;
			hasScannedForEncodings = 0;
			knownRegions = (
				en,
				Base,
			);
			mainGroup = 22BB914727D1EBBD003E4DF5;
			packageReferences = (
				22D0A00927D30918005A8146 /* XCRemoteSwiftPackageReference "Alamofire" */,
				226629B527D31E3F009097E1 /* XCRemoteSwiftPackageReference "AlamofireImage" */,
			);
			productRefGroup = 22BB915127D1EBBD003E4DF5 /* Products */;
			projectDirPath = "";
			projectRoot = "";
			targets = (
				22BB914F27D1EBBD003E4DF5 /* Flix */,
				22BB916527D1EBBF003E4DF5 /* FlixTests */,
				22BB916F27D1EBBF003E4DF5 /* FlixUITests */,
			);
		};
/* End PBXProject section */

/* Begin PBXResourcesBuildPhase section */
		22BB914E27D1EBBD003E4DF5 /* Resources */ = {
			isa = PBXResourcesBuildPhase;
			buildActionMask = 2147483647;
			files = (
				22BB916027D1EBBF003E4DF5 /* LaunchScreen.storyboard in Resources */,
				22BB915D27D1EBBF003E4DF5 /* Assets.xcassets in Resources */,
				22BB915B27D1EBBD003E4DF5 /* Main.storyboard in Resources */,
			);
			runOnlyForDeploymentPostprocessing = 0;
		};
		22BB916427D1EBBF003E4DF5 /* Resources */ = {
			isa = PBXResourcesBuildPhase;
			buildActionMask = 2147483647;
			files = (
			);
			runOnlyForDeploymentPostprocessing = 0;
		};
		22BB916E27D1EBBF003E4DF5 /* Resources */ = {
			isa = PBXResourcesBuildPhase;
			buildActionMask = 2147483647;
			files = (
			);
			runOnlyForDeploymentPostprocessing = 0;
		};
/* End PBXResourcesBuildPhase section */

/* Begin PBXSourcesBuildPhase section */
		22BB914C27D1EBBD003E4DF5 /* Sources */ = {
			isa = PBXSourcesBuildPhase;
			buildActionMask = 2147483647;
			files = (
				22BB915827D1EBBD003E4DF5 /* ViewController.swift in Sources */,
				22BB915427D1EBBD003E4DF5 /* AppDelegate.swift in Sources */,
				22D0A00827D3046B005A8146 /* MovieCell.swift in Sources */,
				22BB915627D1EBBD003E4DF5 /* SceneDelegate.swift in Sources */,
			);
			runOnlyForDeploymentPostprocessing = 0;
		};
		22BB916227D1EBBF003E4DF5 /* Sources */ = {
			isa = PBXSourcesBuildPhase;
			buildActionMask = 2147483647;
			files = (
				22BB916B27D1EBBF003E4DF5 /* FlixTests.swift in Sources */,
			);
			runOnlyForDeploymentPostprocessing = 0;
		};
		22BB916C27D1EBBF003E4DF5 /* Sources */ = {
			isa = PBXSourcesBuildPhase;
			buildActionMask = 2147483647;
			files = (
				22BB917527D1EBBF003E4DF5 /* FlixUITests.swift in Sources */,
				22BB917727D1EBBF003E4DF5 /* FlixUITestsLaunchTests.swift in Sources */,
			);
			runOnlyForDeploymentPostprocessing = 0;
		};
/* End PBXSourcesBuildPhase section */

/* Begin PBXTargetDependency section */
		22BB916827D1EBBF003E4DF5 /* PBXTargetDependency */ = {
			isa = PBXTargetDependency;
			target = 22BB914F27D1EBBD003E4DF5 /* Flix */;
			targetProxy = 22BB916727D1EBBF003E4DF5 /* PBXContainerItemProxy */;
		};
		22BB917227D1EBBF003E4DF5 /* PBXTargetDependency */ = {
			isa = PBXTargetDependency;
			target = 22BB914F27D1EBBD003E4DF5 /* Flix */;
			targetProxy = 22BB917127D1EBBF003E4DF5 /* PBXContainerItemProxy */;
		};
/* End PBXTargetDependency section */

/* Begin PBXVariantGroup section */
		22BB915927D1EBBD003E4DF5 /* Main.storyboard */ = {
			isa = PBXVariantGroup;
			children = (
				22BB915A27D1EBBD003E4DF5 /* Base */,
			);
			name = Main.storyboard;
			sourceTree = "<group>";
		};
		22BB915E27D1EBBF003E4DF5 /* LaunchScreen.storyboard */ = {
			isa = PBXVariantGroup;
			children = (
				22BB915F27D1EBBF003E4DF5 /* Base */,
			);
			name = LaunchScreen.storyboard;
			sourceTree = "<group>";
		};
/* End PBXVariantGroup section */

/* Begin XCBuildConfiguration section */
		22BB917827D1EBBF003E4DF5 /* Debug */ = {
			isa = XCBuildConfiguration;
			buildSettings = {
				ALWAYS_SEARCH_USER_PATHS = NO;
				CLANG_ANALYZER_NONNULL = YES;
				CLANG_ANALYZER_NUMBER_OBJECT_CONVERSION = YES_AGGRESSIVE;
				CLANG_CXX_LANGUAGE_STANDARD = "gnu++17";
				CLANG_CXX_LIBRARY = "libc++";
				CLANG_ENABLE_MODULES = YES;
				CLANG_ENABLE_OBJC_ARC = YES;
				CLANG_ENABLE_OBJC_WEAK = YES;
				CLANG_WARN_BLOCK_CAPTURE_AUTORELEASING = YES;
				CLANG_WARN_BOOL_CONVERSION = YES;
				CLANG_WARN_COMMA = YES;
				CLANG_WARN_CONSTANT_CONVERSION = YES;
				CLANG_WARN_DEPRECATED_OBJC_IMPLEMENTATIONS = YES;
				CLANG_WARN_DIRECT_OBJC_ISA_USAGE = YES_ERROR;
				CLANG_WARN_DOCUMENTATION_COMMENTS = YES;
				CLANG_WARN_EMPTY_BODY = YES;
				CLANG_WARN_ENUM_CONVERSION = YES;
				CLANG_WARN_INFINITE_RECURSION = YES;
				CLANG_WARN_INT_CONVERSION = YES;
				CLANG_WARN_NON_LITERAL_NULL_CONVERSION = YES;
				CLANG_WARN_OBJC_IMPLICIT_RETAIN_SELF = YES;
				CLANG_WARN_OBJC_LITERAL_CONVERSION = YES;
				CLANG_WARN_OBJC_ROOT_CLASS = YES_ERROR;
				CLANG_WARN_QUOTED_INCLUDE_IN_FRAMEWORK_HEADER = YES;
				CLANG_WARN_RANGE_LOOP_ANALYSIS = YES;
				CLANG_WARN_STRICT_PROTOTYPES = YES;
				CLANG_WARN_SUSPICIOUS_MOVE = YES;
				CLANG_WARN_UNGUARDED_AVAILABILITY = YES_AGGRESSIVE;
				CLANG_WARN_UNREACHABLE_CODE = YES;
				CLANG_WARN__DUPLICATE_METHOD_MATCH = YES;
				COPY_PHASE_STRIP = NO;
				DEBUG_INFORMATION_FORMAT = dwarf;
				ENABLE_STRICT_OBJC_MSGSEND = YES;
				ENABLE_TESTABILITY = YES;
				GCC_C_LANGUAGE_STANDARD = gnu11;
				GCC_DYNAMIC_NO_PIC = NO;
				GCC_NO_COMMON_BLOCKS = YES;
				GCC_OPTIMIZATION_LEVEL = 0;
				GCC_PREPROCESSOR_DEFINITIONS = (
					"DEBUG=1",
					"$(inherited)",
				);
				GCC_WARN_64_TO_32_BIT_CONVERSION = YES;
				GCC_WARN_ABOUT_RETURN_TYPE = YES_ERROR;
				GCC_WARN_UNDECLARED_SELECTOR = YES;
				GCC_WARN_UNINITIALIZED_AUTOS = YES_AGGRESSIVE;
				GCC_WARN_UNUSED_FUNCTION = YES;
				GCC_WARN_UNUSED_VARIABLE = YES;
				IPHONEOS_DEPLOYMENT_TARGET = 15.2;
				MTL_ENABLE_DEBUG_INFO = INCLUDE_SOURCE;
				MTL_FAST_MATH = YES;
				ONLY_ACTIVE_ARCH = YES;
				SDKROOT = iphoneos;
				SWIFT_ACTIVE_COMPILATION_CONDITIONS = DEBUG;
				SWIFT_OPTIMIZATION_LEVEL = "-Onone";
			};
			name = Debug;
		};
		22BB917927D1EBBF003E4DF5 /* Release */ = {
			isa = XCBuildConfiguration;
			buildSettings = {
				ALWAYS_SEARCH_USER_PATHS = NO;
				CLANG_ANALYZER_NONNULL = YES;
				CLANG_ANALYZER_NUMBER_OBJECT_CONVERSION = YES_AGGRESSIVE;
				CLANG_CXX_LANGUAGE_STANDARD = "gnu++17";
				CLANG_CXX_LIBRARY = "libc++";
				CLANG_ENABLE_MODULES = YES;
				CLANG_ENABLE_OBJC_ARC = YES;
				CLANG_ENABLE_OBJC_WEAK = YES;
				CLANG_WARN_BLOCK_CAPTURE_AUTORELEASING = YES;
				CLANG_WARN_BOOL_CONVERSION = YES;
				CLANG_WARN_COMMA = YES;
				CLANG_WARN_CONSTANT_CONVERSION = YES;
				CLANG_WARN_DEPRECATED_OBJC_IMPLEMENTATIONS = YES;
				CLANG_WARN_DIRECT_OBJC_ISA_USAGE = YES_ERROR;
				CLANG_WARN_DOCUMENTATION_COMMENTS = YES;
				CLANG_WARN_EMPTY_BODY = YES;
				CLANG_WARN_ENUM_CONVERSION = YES;
				CLANG_WARN_INFINITE_RECURSION = YES;
				CLANG_WARN_INT_CONVERSION = YES;
				CLANG_WARN_NON_LITERAL_NULL_CONVERSION = YES;
				CLANG_WARN_OBJC_IMPLICIT_RETAIN_SELF = YES;
				CLANG_WARN_OBJC_LITERAL_CONVERSION = YES;
				CLANG_WARN_OBJC_ROOT_CLASS = YES_ERROR;
				CLANG_WARN_QUOTED_INCLUDE_IN_FRAMEWORK_HEADER = YES;
				CLANG_WARN_RANGE_LOOP_ANALYSIS = YES;
				CLANG_WARN_STRICT_PROTOTYPES = YES;
				CLANG_WARN_SUSPICIOUS_MOVE = YES;
				CLANG_WARN_UNGUARDED_AVAILABILITY = YES_AGGRESSIVE;
				CLANG_WARN_UNREACHABLE_CODE = YES;
				CLANG_WARN__DUPLICATE_METHOD_MATCH = YES;
				COPY_PHASE_STRIP = NO;
				DEBUG_INFORMATION_FORMAT = "dwarf-with-dsym";
				ENABLE_NS_ASSERTIONS = NO;
				ENABLE_STRICT_OBJC_MSGSEND = YES;
				GCC_C_LANGUAGE_STANDARD = gnu11;
				GCC_NO_COMMON_BLOCKS = YES;
				GCC_WARN_64_TO_32_BIT_CONVERSION = YES;
				GCC_WARN_ABOUT_RETURN_TYPE = YES_ERROR;
				GCC_WARN_UNDECLARED_SELECTOR = YES;
				GCC_WARN_UNINITIALIZED_AUTOS = YES_AGGRESSIVE;
				GCC_WARN_UNUSED_FUNCTION = YES;
				GCC_WARN_UNUSED_VARIABLE = YES;
				IPHONEOS_DEPLOYMENT_TARGET = 15.2;
				MTL_ENABLE_DEBUG_INFO = NO;
				MTL_FAST_MATH = YES;
				SDKROOT = iphoneos;
				SWIFT_COMPILATION_MODE = wholemodule;
				SWIFT_OPTIMIZATION_LEVEL = "-O";
				VALIDATE_PRODUCT = YES;
			};
			name = Release;
		};
		22BB917B27D1EBBF003E4DF5 /* Debug */ = {
			isa = XCBuildConfiguration;
			buildSettings = {
				ASSETCATALOG_COMPILER_APPICON_NAME = AppIcon;
				ASSETCATALOG_COMPILER_GLOBAL_ACCENT_COLOR_NAME = AccentColor;
				CODE_SIGN_STYLE = Automatic;
				CURRENT_PROJECT_VERSION = 1;
				DEVELOPMENT_TEAM = 3WLJ7HTT86;
				GENERATE_INFOPLIST_FILE = YES;
				INFOPLIST_FILE = Flix/Info.plist;
				INFOPLIST_KEY_UIApplicationSupportsIndirectInputEvents = YES;
				INFOPLIST_KEY_UILaunchStoryboardName = LaunchScreen;
				INFOPLIST_KEY_UIMainStoryboardFile = Main;
				INFOPLIST_KEY_UISupportedInterfaceOrientations_iPad = "UIInterfaceOrientationPortrait UIInterfaceOrientationPortraitUpsideDown UIInterfaceOrientationLandscapeLeft UIInterfaceOrientationLandscapeRight";
				INFOPLIST_KEY_UISupportedInterfaceOrientations_iPhone = "UIInterfaceOrientationPortrait UIInterfaceOrientationLandscapeLeft UIInterfaceOrientationLandscapeRight";
				LD_RUNPATH_SEARCH_PATHS = (
					"$(inherited)",
					"@executable_path/Frameworks",
				);
				MARKETING_VERSION = 1.0;
				PRODUCT_BUNDLE_IDENTIFIER = com.Sarmad.Flix;
				PRODUCT_NAME = "$(TARGET_NAME)";
				SWIFT_EMIT_LOC_STRINGS = YES;
				SWIFT_VERSION = 5.0;
				TARGETED_DEVICE_FAMILY = "1,2";
			};
			name = Debug;
		};
		22BB917C27D1EBBF003E4DF5 /* Release */ = {
			isa = XCBuildConfiguration;
			buildSettings = {
				ASSETCATALOG_COMPILER_APPICON_NAME = AppIcon;
				ASSETCATALOG_COMPILER_GLOBAL_ACCENT_COLOR_NAME = AccentColor;
				CODE_SIGN_STYLE = Automatic;
				CURRENT_PROJECT_VERSION = 1;
				DEVELOPMENT_TEAM = 3WLJ7HTT86;
				GENERATE_INFOPLIST_FILE = YES;
				INFOPLIST_FILE = Flix/Info.plist;
				INFOPLIST_KEY_UIApplicationSupportsIndirectInputEvents = YES;
				INFOPLIST_KEY_UILaunchStoryboardName = LaunchScreen;
				INFOPLIST_KEY_UIMainStoryboardFile = Main;
				INFOPLIST_KEY_UISupportedInterfaceOrientations_iPad = "UIInterfaceOrientationPortrait UIInterfaceOrientationPortraitUpsideDown UIInterfaceOrientationLandscapeLeft UIInterfaceOrientationLandscapeRight";
				INFOPLIST_KEY_UISupportedInterfaceOrientations_iPhone = "UIInterfaceOrientationPortrait UIInterfaceOrientationLandscapeLeft UIInterfaceOrientationLandscapeRight";
				LD_RUNPATH_SEARCH_PATHS = (
					"$(inherited)",
					"@executable_path/Frameworks",
				);
				MARKETING_VERSION = 1.0;
				PRODUCT_BUNDLE_IDENTIFIER = com.Sarmad.Flix;
				PRODUCT_NAME = "$(TARGET_NAME)";
				SWIFT_EMIT_LOC_STRINGS = YES;
				SWIFT_VERSION = 5.0;
				TARGETED_DEVICE_FAMILY = "1,2";
			};
			name = Release;
		};
		22BB917E27D1EBBF003E4DF5 /* Debug */ = {
			isa = XCBuildConfiguration;
			buildSettings = {
				ALWAYS_EMBED_SWIFT_STANDARD_LIBRARIES = YES;
				BUNDLE_LOADER = "$(TEST_HOST)";
				CODE_SIGN_STYLE = Automatic;
				CURRENT_PROJECT_VERSION = 1;
				DEVELOPMENT_TEAM = 3WLJ7HTT86;
				GENERATE_INFOPLIST_FILE = YES;
				IPHONEOS_DEPLOYMENT_TARGET = 15.2;
				MARKETING_VERSION = 1.0;
				PRODUCT_BUNDLE_IDENTIFIER = com.Sarmad.FlixTests;
				PRODUCT_NAME = "$(TARGET_NAME)";
				SWIFT_EMIT_LOC_STRINGS = NO;
				SWIFT_VERSION = 5.0;
				TARGETED_DEVICE_FAMILY = "1,2";
				TEST_HOST = "$(BUILT_PRODUCTS_DIR)/Flix.app/Flix";
			};
			name = Debug;
		};
		22BB917F27D1EBBF003E4DF5 /* Release */ = {
			isa = XCBuildConfiguration;
			buildSettings = {
				ALWAYS_EMBED_SWIFT_STANDARD_LIBRARIES = YES;
				BUNDLE_LOADER = "$(TEST_HOST)";
				CODE_SIGN_STYLE = Automatic;
				CURRENT_PROJECT_VERSION = 1;
				DEVELOPMENT_TEAM = 3WLJ7HTT86;
				GENERATE_INFOPLIST_FILE = YES;
				IPHONEOS_DEPLOYMENT_TARGET = 15.2;
				MARKETING_VERSION = 1.0;
				PRODUCT_BUNDLE_IDENTIFIER = com.Sarmad.FlixTests;
				PRODUCT_NAME = "$(TARGET_NAME)";
				SWIFT_EMIT_LOC_STRINGS = NO;
				SWIFT_VERSION = 5.0;
				TARGETED_DEVICE_FAMILY = "1,2";
				TEST_HOST = "$(BUILT_PRODUCTS_DIR)/Flix.app/Flix";
			};
			name = Release;
		};
		22BB918127D1EBBF003E4DF5 /* Debug */ = {
			isa = XCBuildConfiguration;
			buildSettings = {
				ALWAYS_EMBED_SWIFT_STANDARD_LIBRARIES = YES;
				CODE_SIGN_STYLE = Automatic;
				CURRENT_PROJECT_VERSION = 1;
				DEVELOPMENT_TEAM = 3WLJ7HTT86;
				GENERATE_INFOPLIST_FILE = YES;
				MARKETING_VERSION = 1.0;
				PRODUCT_BUNDLE_IDENTIFIER = com.Sarmad.FlixUITests;
				PRODUCT_NAME = "$(TARGET_NAME)";
				SWIFT_EMIT_LOC_STRINGS = NO;
				SWIFT_VERSION = 5.0;
				TARGETED_DEVICE_FAMILY = "1,2";
				TEST_TARGET_NAME = Flix;
			};
			name = Debug;
		};
		22BB918227D1EBBF003E4DF5 /* Release */ = {
			isa = XCBuildConfiguration;
			buildSettings = {
				ALWAYS_EMBED_SWIFT_STANDARD_LIBRARIES = YES;
				CODE_SIGN_STYLE = Automatic;
				CURRENT_PROJECT_VERSION = 1;
				DEVELOPMENT_TEAM = 3WLJ7HTT86;
				GENERATE_INFOPLIST_FILE = YES;
				MARKETING_VERSION = 1.0;
				PRODUCT_BUNDLE_IDENTIFIER = com.Sarmad.FlixUITests;
				PRODUCT_NAME = "$(TARGET_NAME)";
				SWIFT_EMIT_LOC_STRINGS = NO;
				SWIFT_VERSION = 5.0;
				TARGETED_DEVICE_FAMILY = "1,2";
				TEST_TARGET_NAME = Flix;
			};
			name = Release;
		};
/* End XCBuildConfiguration section */

/* Begin XCConfigurationList section */
		22BB914B27D1EBBD003E4DF5 /* Build configuration list for PBXProject "Flix" */ = {
			isa = XCConfigurationList;
			buildConfigurations = (
				22BB917827D1EBBF003E4DF5 /* Debug */,
				22BB917927D1EBBF003E4DF5 /* Release */,
			);
			defaultConfigurationIsVisible = 0;
			defaultConfigurationName = Release;
		};
		22BB917A27D1EBBF003E4DF5 /* Build configuration list for PBXNativeTarget "Flix" */ = {
			isa = XCConfigurationList;
			buildConfigurations = (
				22BB917B27D1EBBF003E4DF5 /* Debug */,
				22BB917C27D1EBBF003E4DF5 /* Release */,
			);
			defaultConfigurationIsVisible = 0;
			defaultConfigurationName = Release;
		};
		22BB917D27D1EBBF003E4DF5 /* Build configuration list for PBXNativeTarget "FlixTests" */ = {
			isa = XCConfigurationList;
			buildConfigurations = (
				22BB917E27D1EBBF003E4DF5 /* Debug */,
				22BB917F27D1EBBF003E4DF5 /* Release */,
			);
			defaultConfigurationIsVisible = 0;
			defaultConfigurationName = Release;
		};
		22BB918027D1EBBF003E4DF5 /* Build configuration list for PBXNativeTarget "FlixUITests" */ = {
			isa = XCConfigurationList;
			buildConfigurations = (
				22BB918127D1EBBF003E4DF5 /* Debug */,
				22BB918227D1EBBF003E4DF5 /* Release */,
			);
			defaultConfigurationIsVisible = 0;
			defaultConfigurationName = Release;
		};
/* End XCConfigurationList section */

/* Begin XCRemoteSwiftPackageReference section */
		226629B527D31E3F009097E1 /* XCRemoteSwiftPackageReference "AlamofireImage" */ = {
			isa = XCRemoteSwiftPackageReference;
			repositoryURL = "https://github.com/Alamofire/AlamofireImage";
			requirement = {
				kind = upToNextMajorVersion;
				minimumVersion = 4.0.0;
			};
		};
		22D0A00927D30918005A8146 /* XCRemoteSwiftPackageReference "Alamofire" */ = {
			isa = XCRemoteSwiftPackageReference;
			repositoryURL = "https://github.com/Alamofire/Alamofire";
			requirement = {
				kind = upToNextMajorVersion;
				minimumVersion = 5.0.0;
			};
		};
/* End XCRemoteSwiftPackageReference section */

/* Begin XCSwiftPackageProductDependency section */
		226629B627D31E3F009097E1 /* AlamofireImage */ = {
			isa = XCSwiftPackageProductDependency;
			package = 226629B527D31E3F009097E1 /* XCRemoteSwiftPackageReference "AlamofireImage" */;
			productName = AlamofireImage;
		};
		22D0A00A27D30918005A8146 /* Alamofire */ = {
			isa = XCSwiftPackageProductDependency;
			package = 22D0A00927D30918005A8146 /* XCRemoteSwiftPackageReference "Alamofire" */;
			productName = Alamofire;
		};
/* End XCSwiftPackageProductDependency section */
	};
	rootObject = 22BB914827D1EBBD003E4DF5 /* Project object */;
}
